
Microsoft Visual Studio Solution File, Format Version 12.00
# Visual Studio Version 17
VisualStudioVersion = 17.14.36212.18 d17.14
MinimumVisualStudioVersion = 10.0.40219.1
Project("{FAE04EC0-301F-11D3-BF4B-00C04F79EFBC}") = "Quantiva", "Quantiva\Quantiva\Quantiva.csproj", "{2A54FDE1-A9AC-4F2D-85AD-F3F5B9CEEA3A}"
EndProject
Project("{FAE04EC0-301F-11D3-BF4B-00C04F79EFBC}") = "Quantiva.Client", "Quantiva\Quantiva.Client\Quantiva.Client.csproj", "{2934D95E-03B2-40E3-8E27-C0DB66987848}"
EndProject
Project("{FAE04EC0-301F-11D3-BF4B-00C04F79EFBC}") = "Quantiva.Service", "Quantiva.Service\Quantiva.Service.csproj", "{6E2A2A92-255D-486D-83FB-408D34CF169E}"
EndProject
Project("{FAE04EC0-301F-11D3-BF4B-00C04F79EFBC}") = "Quantiva.Shared", "Quantiva.Shared\Quantiva.Shared.csproj", "{7BF79C8F-5E37-4983-9EA5-D2DAC7EA1931}"
EndProject
Project("{FAE04EC0-301F-11D3-BF4B-00C04F79EFBC}") = "Quantiva.Test", "Quantiva.Test\Quantiva.Test.csproj", "{BE2AC147-3A61-46FD-8D39-D67AE1CD2563}"
EndProject
Global
	GlobalSection(SolutionConfigurationPlatforms) = preSolution
		Debug|Any CPU = Debug|Any CPU
		Release|Any CPU = Release|Any CPU
	EndGlobalSection
	GlobalSection(ProjectConfigurationPlatforms) = postSolution
		{2A54FDE1-A9AC-4F2D-85AD-F3F5B9CEEA3A}.Debug|Any CPU.ActiveCfg = Debug|Any CPU
		{2A54FDE1-A9AC-4F2D-85AD-F3F5B9CEEA3A}.Debug|Any CPU.Build.0 = Debug|Any CPU
		{2A54FDE1-A9AC-4F2D-85AD-F3F5B9CEEA3A}.Release|Any CPU.ActiveCfg = Release|Any CPU
		{2A54FDE1-A9AC-4F2D-85AD-F3F5B9CEEA3A}.Release|Any CPU.Build.0 = Release|Any CPU
		{2934D95E-03B2-40E3-8E27-C0DB66987848}.Debug|Any CPU.ActiveCfg = Debug|Any CPU
		{2934D95E-03B2-40E3-8E27-C0DB66987848}.Debug|Any CPU.Build.0 = Debug|Any CPU
		{2934D95E-03B2-40E3-8E27-C0DB66987848}.Release|Any CPU.ActiveCfg = Release|Any CPU
		{2934D95E-03B2-40E3-8E27-C0DB66987848}.Release|Any CPU.Build.0 = Release|Any CPU
		{6E2A2A92-255D-486D-83FB-408D34CF169E}.Debug|Any CPU.ActiveCfg = Debug|Any CPU
		{6E2A2A92-255D-486D-83FB-408D34CF169E}.Debug|Any CPU.Build.0 = Debug|Any CPU
		{6E2A2A92-255D-486D-83FB-408D34CF169E}.Release|Any CPU.ActiveCfg = Release|Any CPU
		{6E2A2A92-255D-486D-83FB-408D34CF169E}.Release|Any CPU.Build.0 = Release|Any CPU
		{7BF79C8F-5E37-4983-9EA5-D2DAC7EA1931}.Debug|Any CPU.ActiveCfg = Debug|Any CPU
		{7BF79C8F-5E37-4983-9EA5-D2DAC7EA1931}.Debug|Any CPU.Build.0 = Debug|Any CPU
		{7BF79C8F-5E37-4983-9EA5-D2DAC7EA1931}.Release|Any CPU.ActiveCfg = Release|Any CPU
		{7BF79C8F-5E37-4983-9EA5-D2DAC7EA1931}.Release|Any CPU.Build.0 = Release|Any CPU
		{BE2AC147-3A61-46FD-8D39-D67AE1CD2563}.Debug|Any CPU.ActiveCfg = Debug|Any CPU
		{BE2AC147-3A61-46FD-8D39-D67AE1CD2563}.Debug|Any CPU.Build.0 = Debug|Any CPU
		{BE2AC147-3A61-46FD-8D39-D67AE1CD2563}.Release|Any CPU.ActiveCfg = Release|Any CPU
		{BE2AC147-3A61-46FD-8D39-D67AE1CD2563}.Release|Any CPU.Build.0 = Release|Any CPU
	EndGlobalSection
	GlobalSection(SolutionProperties) = preSolution
		HideSolutionNode = FALSE
	EndGlobalSection
	GlobalSection(ExtensibilityGlobals) = postSolution
		SolutionGuid = {05E55906-8211-416B-9C0F-55CB80B1980F}
	EndGlobalSection
EndGlobal
